
Microsoft Visual Studio Solution File, Format Version 12.00
# Visual Studio 15
VisualStudioVersion = 15.0.26730.16
MinimumVisualStudioVersion = 10.0.40219.1
Project("{9A19103F-16F7-4668-BE54-9A1E7A4F7556}") = "DevExpress.AspNetCore.Bootstrap.Starter", "DevExpress.AspNetCore.Bootstrap.Starter\DevExpress.AspNetCore.Bootstrap.Starter.csproj", "{3B8BC149-470B-4D95-BB0B-1D9A17B01988}"
EndProject
Global
	GlobalSection(SolutionConfigurationPlatforms) = preSolution
		Debug|Any CPU = Debug|Any CPU
		Release|Any CPU = Release|Any CPU
	EndGlobalSection
	GlobalSection(ProjectConfigurationPlatforms) = postSolution
		{3B8BC149-470B-4D95-BB0B-1D9A17B01988}.Debug|Any CPU.ActiveCfg = Debug|Any CPU
		{3B8BC149-470B-4D95-BB0B-1D9A17B01988}.Debug|Any CPU.Build.0 = Debug|Any CPU
		{3B8BC149-470B-4D95-BB0B-1D9A17B01988}.Release|Any CPU.ActiveCfg = Release|Any CPU
		{3B8BC149-470B-4D95-BB0B-1D9A17B01988}.Release|Any CPU.Build.0 = Release|Any CPU
	EndGlobalSection
	GlobalSection(SolutionProperties) = preSolution
		HideSolutionNode = FALSE
	EndGlobalSection
	GlobalSection(ExtensibilityGlobals) = postSolution
		SolutionGuid = {10F63FAA-8886-43B5-8951-48C7309C98A8}
	EndGlobalSection
EndGlobal
